<?xml version="1.0" encoding="utf-8"?>
<Project ToolsVersion="4.0" xmlns="http://schemas.microsoft.com/developer/msbuild/2003">
  <ItemGroup>
    <Filter Include="源文件">
      <UniqueIdentifier>{4FC737F1-C7A5-4376-A066-2A32D752A2FF}</UniqueIdentifier>
      <Extensions>cpp;c;cc;cxx;def;odl;idl;hpj;bat;asm;asmx</Extensions>
    </Filter>
    <Filter Include="头文件">
      <UniqueIdentifier>{93995380-89BD-4b04-88EB-625FBE52EBFB}</UniqueIdentifier>
      <Extensions>h;hh;hpp;hxx;hm;inl;inc;ipp;xsd</Extensions>
    </Filter>
    <Filter Include="资源文件">
      <UniqueIdentifier>{67DA6AB6-F800-4c08-8B7A-83BB121AAD01}</UniqueIdentifier>
      <Extensions>rc;ico;cur;bmp;dlg;rc2;rct;bin;rgs;gif;jpg;jpeg;jpe;resx;tiff;tif;png;wav;mfcribbon-ms</Extensions>
    </Filter>
  </ItemGroup>
  <ItemGroup>
    <ClInclude Include="ocl_macros.h">
      <Filter>头文件</Filter>
    </ClInclude>
  </ItemGroup>
  <ItemGroup>
    <ClCompile Include="main.cpp">
      <Filter>源文件</Filter>
    </ClCompile>
  </ItemGroup>
  <ItemGroup>
    <None Include="nearest.cl">
      <Filter>资源文件</Filter>
    </None>
    <None Include="bilinear.cl">
      <Filter>资源文件</Filter>
    </None>
    <None Include="biCubic.cl">
      <Filter>资源文件</Filter>
    </None>
    <None Include="lanczos2_1D_X.cl">
      <Filter>资源文件</Filter>
    </None>
    <None Include="Lanczos2_1D_Y.cl">
      <Filter>资源文件</Filter>
    </None>
    <None Include="Lanczos2_2D.cl">
      <Filter>资源文件</Filter>
    </None>
    <None Include="Lanczos3_1D_Y.cl">
      <Filter>资源文件</Filter>
    </None>
    <None Include="Lanczos3_1D_X.cl">
      <Filter>资源文件</Filter>
    </None>
    <None Include="Lanczos3_2D.cl">
      <Filter>资源文件</Filter>
    </None>
    <None Include="Ver_Bilinear_BiCubic.cl">
      <Filter>资源文件</Filter>
    </None>
    <None Include="Ver_Lanczos2_2D_BiCubic.cl">
      <Filter>资源文件</Filter>
    </None>
  </ItemGroup>
</Project>